# This file is automatically @generated by Cargo.
# It is not intended for manual editing.
version = 3

[[package]]
name = "anymap"
version = "0.12.1"
source = "registry+https://github.com/rust-lang/crates.io-index"
checksum = "33954243bd79057c2de7338850b85983a44588021f8a5fee574a8888c6de4344"

[[package]]
name = "ctor"
version = "0.1.26"
source = "registry+https://github.com/rust-lang/crates.io-index"
checksum = "6d2301688392eb071b0bf1a37be05c469d3cc4dbbd95df672fe28ab021e6a096"
dependencies = [
 "quote",
 "syn 1.0.109",
]

[[package]]
name = "cursython"
version = "0.1.0"
dependencies = [
 "dyn-clone",
 "serde",
 "serde_json",
 "traitcast",
 "typetag",
]

[[package]]
name = "dyn-clone"
version = "1.0.12"
source = "registry+https://github.com/rust-lang/crates.io-index"
checksum = "304e6508efa593091e97a9abbc10f90aa7ca635b6d2784feff3c89d41dd12272"

[[package]]
name = "erased-serde"
version = "0.3.28"
source = "registry+https://github.com/rust-lang/crates.io-index"
checksum = "da96524cc884f6558f1769b6c46686af2fe8e8b4cd253bd5a3cdba8181b8e070"
dependencies = [
 "serde",
]

[[package]]
name = "ghost"
version = "0.1.13"
source = "registry+https://github.com/rust-lang/crates.io-index"
checksum = "55f62cab8c48c54b8aba6588bd75fd00cdfe8517e79797c3662c5ed0c011d257"
dependencies = [
 "proc-macro2",
 "quote",
 "syn 2.0.26",
]

[[package]]
name = "inventory"
version = "0.1.11"
source = "registry+https://github.com/rust-lang/crates.io-index"
checksum = "f0eb5160c60ba1e809707918ee329adb99d222888155835c6feedba19f6c3fd4"
dependencies = [
 "ctor",
 "ghost",
 "inventory-impl",
]

[[package]]
name = "inventory"
version = "0.3.9"
source = "registry+https://github.com/rust-lang/crates.io-index"
checksum = "25b1d6b4b9fb75fc419bdef998b689df5080a32931cb3395b86202046b56a9ea"

[[package]]
name = "inventory-impl"
version = "0.1.11"
source = "registry+https://github.com/rust-lang/crates.io-index"
checksum = "7e41b53715c6f0c4be49510bb82dee2c1e51c8586d885abe65396e82ed518548"
dependencies = [
 "proc-macro2",
 "quote",
 "syn 1.0.109",
]

[[package]]
name = "itoa"
version = "1.0.9"
source = "registry+https://github.com/rust-lang/crates.io-index"
checksum = "af150ab688ff2122fcef229be89cb50dd66af9e01a4ff320cc137eecc9bacc38"

[[package]]
name = "lazy_static"
version = "1.4.0"
source = "registry+https://github.com/rust-lang/crates.io-index"
checksum = "e2abad23fbc42b3700f2f279844dc832adb2b2eb069b2df918f455c4e18cc646"

[[package]]
name = "once_cell"
version = "1.18.0"
source = "registry+https://github.com/rust-lang/crates.io-index"
checksum = "dd8b5dd2ae5ed71462c540258bedcb51965123ad7e7ccf4b9a8cafaa4a63576d"

[[package]]
name = "proc-macro2"
version = "1.0.66"
source = "registry+https://github.com/rust-lang/crates.io-index"
checksum = "18fb31db3f9bddb2ea821cde30a9f70117e3f119938b5ee630b7403aa6e2ead9"
dependencies = [
 "unicode-ident",
]

[[package]]
name = "quote"
version = "1.0.31"
source = "registry+https://github.com/rust-lang/crates.io-index"
checksum = "5fe8a65d69dd0808184ebb5f836ab526bb259db23c657efa38711b1072ee47f0"
dependencies = [
 "proc-macro2",
]

[[package]]
name = "ryu"
version = "1.0.15"
source = "registry+https://github.com/rust-lang/crates.io-index"
checksum = "1ad4cc8da4ef723ed60bced201181d83791ad433213d8c24efffda1eec85d741"

[[package]]
name = "serde"
version = "1.0.171"
source = "registry+https://github.com/rust-lang/crates.io-index"
checksum = "30e27d1e4fd7659406c492fd6cfaf2066ba8773de45ca75e855590f856dc34a9"
dependencies = [
 "serde_derive",
]

[[package]]
name = "serde_derive"
version = "1.0.171"
source = "registry+https://github.com/rust-lang/crates.io-index"
checksum = "389894603bd18c46fa56231694f8d827779c0951a667087194cf9de94ed24682"
dependencies = [
 "proc-macro2",
 "quote",
 "syn 2.0.26",
]

[[package]]
name = "serde_json"
version = "1.0.103"
source = "registry+https://github.com/rust-lang/crates.io-index"
checksum = "d03b412469450d4404fe8499a268edd7f8b79fecb074b0d812ad64ca21f4031b"
dependencies = [
 "itoa",
 "ryu",
 "serde",
]

[[package]]
name = "syn"
version = "1.0.109"
source = "registry+https://github.com/rust-lang/crates.io-index"
checksum = "72b64191b275b66ffe2469e8af2c1cfe3bafa67b529ead792a6d0160888b4237"
dependencies = [
 "proc-macro2",
 "quote",
 "unicode-ident",
]

[[package]]
name = "syn"
version = "2.0.26"
source = "registry+https://github.com/rust-lang/crates.io-index"
checksum = "45c3457aacde3c65315de5031ec191ce46604304d2446e803d71ade03308d970"
dependencies = [
 "proc-macro2",
 "quote",
 "unicode-ident",
]

[[package]]
name = "traitcast"
version = "0.5.0"
source = "registry+https://github.com/rust-lang/crates.io-index"
checksum = "f80b1cde694e5ff2dcb33875530f2f031a9a34dec8ba2744cacaf80a88658740"
dependencies = [
 "inventory 0.1.11",
 "lazy_static",
 "traitcast_core",
]

[[package]]
name = "traitcast_core"
version = "0.2.0"
source = "registry+https://github.com/rust-lang/crates.io-index"
checksum = "aabba8f4a83963f61a84d8cfc5829b4fad692aa6c6ad5d7b08b9549777e3cc4a"
dependencies = [
 "anymap",
 "inventory 0.1.11",
]

[[package]]
name = "typetag"
version = "0.2.10"
source = "registry+https://github.com/rust-lang/crates.io-index"
checksum = "7a66aafcfb982bf1f9a28755ac6bcbdcd4631ff516cb038fa61299201ebb4364"
dependencies = [
 "erased-serde",
 "inventory 0.3.9",
 "once_cell",
 "serde",
 "typetag-impl",
]

[[package]]
name = "typetag-impl"
version = "0.2.10"
source = "registry+https://github.com/rust-lang/crates.io-index"
checksum = "d836cd032f71d90cbaa3c1f85ce84266af23659766d8c0b1c4c6524a0fb4c36f"
dependencies = [
 "proc-macro2",
 "quote",
 "syn 2.0.26",
]

[[package]]
name = "unicode-ident"
version = "1.0.11"
source = "registry+https://github.com/rust-lang/crates.io-index"
checksum = "301abaae475aa91687eb82514b328ab47a211a533026cb25fc3e519b86adfc3c"
