# This file is automatically @generated by Cargo.
# It is not intended for manual editing.
version = 3

[[package]]
name = "cursython"
version = "0.1.0"
dependencies = [
 "dyn-clone",
]

[[package]]
name = "dyn-clone"
version = "1.0.12"
source = "registry+https://github.com/rust-lang/crates.io-index"
checksum = "304e6508efa593091e97a9abbc10f90aa7ca635b6d2784feff3c89d41dd12272"
